
Microsoft Visual Studio Solution File, Format Version 12.00
# Visual Studio 15
VisualStudioVersion = 15.0.28010.2016
MinimumVisualStudioVersion = 10.0.40219.1
Project("{FAE04EC0-301F-11D3-BF4B-00C04F79EFBC}") = "TipCalc", "TipCalc\TipCalc.csproj", "{3F5DD170-7FD1-4CA2-A792-D08B7688E42B}"
EndProject
Global
	GlobalSection(SolutionConfigurationPlatforms) = preSolution
		Debug|Any CPU = Debug|Any CPU
		Release|Any CPU = Release|Any CPU
	EndGlobalSection
	GlobalSection(ProjectConfigurationPlatforms) = postSolution
		{3F5DD170-7FD1-4CA2-A792-D08B7688E42B}.Debug|Any CPU.ActiveCfg = Debug|Any CPU
		{3F5DD170-7FD1-4CA2-A792-D08B7688E42B}.Debug|Any CPU.Build.0 = Debug|Any CPU
		{3F5DD170-7FD1-4CA2-A792-D08B7688E42B}.Debug|Any CPU.Deploy.0 = Debug|Any CPU
		{3F5DD170-7FD1-4CA2-A792-D08B7688E42B}.Release|Any CPU.ActiveCfg = Release|Any CPU
		{3F5DD170-7FD1-4CA2-A792-D08B7688E42B}.Release|Any CPU.Build.0 = Release|Any CPU
		{3F5DD170-7FD1-4CA2-A792-D08B7688E42B}.Release|Any CPU.Deploy.0 = Release|Any CPU
	EndGlobalSection
	GlobalSection(SolutionProperties) = preSolution
		HideSolutionNode = FALSE
	EndGlobalSection
	GlobalSection(ExtensibilityGlobals) = postSolution
		SolutionGuid = {BF1D4416-5A4B-4755-8C3D-B8944895E468}
	EndGlobalSection
EndGlobal
